
Microsoft Visual Studio Solution File, Format Version 12.00
# Visual Studio Version 17
VisualStudioVersion = 17.10.35013.160
MinimumVisualStudioVersion = 10.0.40219.1
Project("{9A19103F-16F7-4668-BE54-9A1E7A4F7556}") = "Portal", "Portal\Portal.csproj", "{D5EC7667-2901-4965-815B-1D782562DA36}"
EndProject
Project("{9A19103F-16F7-4668-BE54-9A1E7A4F7556}") = "Portal.AppHost", "Portal.AppHost\Portal.AppHost.csproj", "{FCE2D03E-FFB2-480E-ACCD-D4E72407315B}"
EndProject
Project("{9A19103F-16F7-4668-BE54-9A1E7A4F7556}") = "Portal.ServiceDefaults", "Portal.ServiceDefaults\Portal.ServiceDefaults.csproj", "{A7D22EF8-1EB1-4317-84E3-81427666424E}"
EndProject
Project("{9A19103F-16F7-4668-BE54-9A1E7A4F7556}") = "BlazorApp1", "BlazorApp1\BlazorApp1.csproj", "{96B58E24-4326-40DB-8062-2598A48D8433}"
EndProject
Project("{9A19103F-16F7-4668-BE54-9A1E7A4F7556}") = "BlazorApp2", "BlazorApp2\BlazorApp2.csproj", "{2D7B42BC-4FB8-451F-914E-6100819508A8}"
EndProject
Project("{9A19103F-16F7-4668-BE54-9A1E7A4F7556}") = "RazorClassLibrary", "RazorClassLibrary\RazorClassLibrary.csproj", "{3D48EE9D-DDAE-4EBC-8B27-A2AB86BC9D62}"
EndProject
Project("{FAE04EC0-301F-11D3-BF4B-00C04F79EFBC}") = "AngularApp1.Server", "AngularApp1\AngularApp1.Server\AngularApp1.Server.csproj", "{5BC368E5-6A5C-4B1C-835C-E7870EF08FF5}"
EndProject
Project("{54A90642-561A-4BB1-A94E-469ADEE60C69}") = "angularapp1.client", "AngularApp1\angularapp1.client\angularapp1.client.esproj", "{DE895800-1750-4519-8BF6-9E9999BEB3BB}"
EndProject
Global
	GlobalSection(SolutionConfigurationPlatforms) = preSolution
		Debug|Any CPU = Debug|Any CPU
		Release|Any CPU = Release|Any CPU
	EndGlobalSection
	GlobalSection(ProjectConfigurationPlatforms) = postSolution
		{D5EC7667-2901-4965-815B-1D782562DA36}.Debug|Any CPU.ActiveCfg = Debug|Any CPU
		{D5EC7667-2901-4965-815B-1D782562DA36}.Debug|Any CPU.Build.0 = Debug|Any CPU
		{D5EC7667-2901-4965-815B-1D782562DA36}.Release|Any CPU.ActiveCfg = Release|Any CPU
		{D5EC7667-2901-4965-815B-1D782562DA36}.Release|Any CPU.Build.0 = Release|Any CPU
		{FCE2D03E-FFB2-480E-ACCD-D4E72407315B}.Debug|Any CPU.ActiveCfg = Debug|Any CPU
		{FCE2D03E-FFB2-480E-ACCD-D4E72407315B}.Debug|Any CPU.Build.0 = Debug|Any CPU
		{FCE2D03E-FFB2-480E-ACCD-D4E72407315B}.Release|Any CPU.ActiveCfg = Release|Any CPU
		{FCE2D03E-FFB2-480E-ACCD-D4E72407315B}.Release|Any CPU.Build.0 = Release|Any CPU
		{A7D22EF8-1EB1-4317-84E3-81427666424E}.Debug|Any CPU.ActiveCfg = Debug|Any CPU
		{A7D22EF8-1EB1-4317-84E3-81427666424E}.Debug|Any CPU.Build.0 = Debug|Any CPU
		{A7D22EF8-1EB1-4317-84E3-81427666424E}.Release|Any CPU.ActiveCfg = Release|Any CPU
		{A7D22EF8-1EB1-4317-84E3-81427666424E}.Release|Any CPU.Build.0 = Release|Any CPU
		{96B58E24-4326-40DB-8062-2598A48D8433}.Debug|Any CPU.ActiveCfg = Debug|Any CPU
		{96B58E24-4326-40DB-8062-2598A48D8433}.Debug|Any CPU.Build.0 = Debug|Any CPU
		{96B58E24-4326-40DB-8062-2598A48D8433}.Release|Any CPU.ActiveCfg = Release|Any CPU
		{96B58E24-4326-40DB-8062-2598A48D8433}.Release|Any CPU.Build.0 = Release|Any CPU
		{2D7B42BC-4FB8-451F-914E-6100819508A8}.Debug|Any CPU.ActiveCfg = Debug|Any CPU
		{2D7B42BC-4FB8-451F-914E-6100819508A8}.Debug|Any CPU.Build.0 = Debug|Any CPU
		{2D7B42BC-4FB8-451F-914E-6100819508A8}.Release|Any CPU.ActiveCfg = Release|Any CPU
		{2D7B42BC-4FB8-451F-914E-6100819508A8}.Release|Any CPU.Build.0 = Release|Any CPU
		{3D48EE9D-DDAE-4EBC-8B27-A2AB86BC9D62}.Debug|Any CPU.ActiveCfg = Debug|Any CPU
		{3D48EE9D-DDAE-4EBC-8B27-A2AB86BC9D62}.Debug|Any CPU.Build.0 = Debug|Any CPU
		{3D48EE9D-DDAE-4EBC-8B27-A2AB86BC9D62}.Release|Any CPU.ActiveCfg = Release|Any CPU
		{3D48EE9D-DDAE-4EBC-8B27-A2AB86BC9D62}.Release|Any CPU.Build.0 = Release|Any CPU
		{5BC368E5-6A5C-4B1C-835C-E7870EF08FF5}.Debug|Any CPU.ActiveCfg = Debug|Any CPU
		{5BC368E5-6A5C-4B1C-835C-E7870EF08FF5}.Debug|Any CPU.Build.0 = Debug|Any CPU
		{5BC368E5-6A5C-4B1C-835C-E7870EF08FF5}.Release|Any CPU.ActiveCfg = Release|Any CPU
		{5BC368E5-6A5C-4B1C-835C-E7870EF08FF5}.Release|Any CPU.Build.0 = Release|Any CPU
		{DE895800-1750-4519-8BF6-9E9999BEB3BB}.Debug|Any CPU.ActiveCfg = Debug|Any CPU
		{DE895800-1750-4519-8BF6-9E9999BEB3BB}.Debug|Any CPU.Build.0 = Debug|Any CPU
		{DE895800-1750-4519-8BF6-9E9999BEB3BB}.Debug|Any CPU.Deploy.0 = Debug|Any CPU
		{DE895800-1750-4519-8BF6-9E9999BEB3BB}.Release|Any CPU.ActiveCfg = Release|Any CPU
		{DE895800-1750-4519-8BF6-9E9999BEB3BB}.Release|Any CPU.Build.0 = Release|Any CPU
		{DE895800-1750-4519-8BF6-9E9999BEB3BB}.Release|Any CPU.Deploy.0 = Release|Any CPU
	EndGlobalSection
	GlobalSection(SolutionProperties) = preSolution
		HideSolutionNode = FALSE
	EndGlobalSection
	GlobalSection(ExtensibilityGlobals) = postSolution
		SolutionGuid = {4E7DE3F8-E74A-44BC-9E30-C8F1B61FB3A9}
	EndGlobalSection
EndGlobal
